
Microsoft Visual Studio Solution File, Format Version 12.00
# Visual Studio 15
VisualStudioVersion = 15.0.27130.2010
MinimumVisualStudioVersion = 10.0.40219.1
Project("{9A19103F-16F7-4668-BE54-9A1E7A4F7556}") = "MigrateAWSAssets", "MigrateAWSAssets\MigrateAWSAssets.csproj", "{0CD71883-B3DD-4895-BA6E-E4F462028201}"
EndProject
Project("{FAE04EC0-301F-11D3-BF4B-00C04F79EFBC}") = "MediaToken", "MediaToken\MediaToken.csproj", "{C0C72F34-6AB0-456F-913A-226A0B092E3F}"
EndProject
Project("{9A19103F-16F7-4668-BE54-9A1E7A4F7556}") = "AWS-Media", "AWS-Media\AWS-Media.csproj", "{B8972ECE-1030-477E-927E-D7AFA7C92715}"
EndProject
Project("{00D1A9C2-B5F0-4AF3-8072-F6C62B433612}") = "Medialog", "Medialog\Medialog.sqlproj", "{E90B529C-FDA0-4EE1-A7B6-0D60BD127D60}"
EndProject
Project("{FAE04EC0-301F-11D3-BF4B-00C04F79EFBC}") = "AWSDBModel", "AWSDBModel\AWSDBModel.csproj", "{2131A76D-37A4-4F01-9128-BACED3F37159}"
EndProject
Global
	GlobalSection(SolutionConfigurationPlatforms) = preSolution
		Debug|Any CPU = Debug|Any CPU
		Release|Any CPU = Release|Any CPU
	EndGlobalSection
	GlobalSection(ProjectConfigurationPlatforms) = postSolution
		{0CD71883-B3DD-4895-BA6E-E4F462028201}.Debug|Any CPU.ActiveCfg = Debug|Any CPU
		{0CD71883-B3DD-4895-BA6E-E4F462028201}.Debug|Any CPU.Build.0 = Debug|Any CPU
		{0CD71883-B3DD-4895-BA6E-E4F462028201}.Release|Any CPU.ActiveCfg = Release|Any CPU
		{0CD71883-B3DD-4895-BA6E-E4F462028201}.Release|Any CPU.Build.0 = Release|Any CPU
		{C0C72F34-6AB0-456F-913A-226A0B092E3F}.Debug|Any CPU.ActiveCfg = Debug|Any CPU
		{C0C72F34-6AB0-456F-913A-226A0B092E3F}.Debug|Any CPU.Build.0 = Debug|Any CPU
		{C0C72F34-6AB0-456F-913A-226A0B092E3F}.Release|Any CPU.ActiveCfg = Release|Any CPU
		{C0C72F34-6AB0-456F-913A-226A0B092E3F}.Release|Any CPU.Build.0 = Release|Any CPU
		{B8972ECE-1030-477E-927E-D7AFA7C92715}.Debug|Any CPU.ActiveCfg = Debug|Any CPU
		{B8972ECE-1030-477E-927E-D7AFA7C92715}.Debug|Any CPU.Build.0 = Debug|Any CPU
		{B8972ECE-1030-477E-927E-D7AFA7C92715}.Release|Any CPU.ActiveCfg = Release|Any CPU
		{B8972ECE-1030-477E-927E-D7AFA7C92715}.Release|Any CPU.Build.0 = Release|Any CPU
		{E90B529C-FDA0-4EE1-A7B6-0D60BD127D60}.Debug|Any CPU.ActiveCfg = Debug|Any CPU
		{E90B529C-FDA0-4EE1-A7B6-0D60BD127D60}.Debug|Any CPU.Build.0 = Debug|Any CPU
		{E90B529C-FDA0-4EE1-A7B6-0D60BD127D60}.Debug|Any CPU.Deploy.0 = Debug|Any CPU
		{E90B529C-FDA0-4EE1-A7B6-0D60BD127D60}.Release|Any CPU.ActiveCfg = Release|Any CPU
		{E90B529C-FDA0-4EE1-A7B6-0D60BD127D60}.Release|Any CPU.Build.0 = Release|Any CPU
		{E90B529C-FDA0-4EE1-A7B6-0D60BD127D60}.Release|Any CPU.Deploy.0 = Release|Any CPU
		{2131A76D-37A4-4F01-9128-BACED3F37159}.Debug|Any CPU.ActiveCfg = Debug|Any CPU
		{2131A76D-37A4-4F01-9128-BACED3F37159}.Debug|Any CPU.Build.0 = Debug|Any CPU
		{2131A76D-37A4-4F01-9128-BACED3F37159}.Release|Any CPU.ActiveCfg = Release|Any CPU
		{2131A76D-37A4-4F01-9128-BACED3F37159}.Release|Any CPU.Build.0 = Release|Any CPU
	EndGlobalSection
	GlobalSection(SolutionProperties) = preSolution
		HideSolutionNode = FALSE
	EndGlobalSection
	GlobalSection(ExtensibilityGlobals) = postSolution
		SolutionGuid = {8497523A-FC9E-4BA9-B9DE-85358B76844D}
		EnterpriseLibraryConfigurationToolBinariesPath = packages\TransientFaultHandling.Core.5.1.1209.1\lib\NET4
	EndGlobalSection
EndGlobal
